dependencies:
- name: nginx-ingress
  repository: https://kubernetes-charts.storage.googleapis.com
  version: 1.34.2
- name: minio
  repository: https://kubernetes-charts.storage.googleapis.com
  version: 5.0.17
- name: rabbitmq
  repository: https://charts.bitnami.com/bitnami
  version: 6.19.2
digest: sha256:53097963abc6abeafaac26e348c2fd27972e7320a6a5fe46f586f54cd13ff633
generated: "2020-03-23T07:50:05.831071224-04:00"
