dependencies:
- name: nginx-ingress
  repository: https://kubernetes-charts.storage.googleapis.com
  version: 1.24.4
- name: minio
  repository: https://kubernetes-charts.storage.googleapis.com
  version: 2.5.18
- name: rabbitmq
  repository: https://kubernetes-charts.storage.googleapis.com
  version: 6.10.1
digest: sha256:3467ed6daeb6b79337a35ab41a87d080c869333e98f32f609760766933103bed
generated: "2019-11-03T13:15:17.933004325-05:00"
