dependencies:
- name: nginx-ingress
  repository: https://kubernetes-charts.storage.googleapis.com
  version: 1.24.4
- name: minio
  repository: https://kubernetes-charts.storage.googleapis.com
  version: 2.5.18
- name: rabbitmq
  repository: https://kubernetes-charts.storage.googleapis.com
  version: 6.10.1
digest: sha256:5176b64560b103e802cc7ec5e70596ceb9c5f1cd4ce1922f033d2949c40df067
generated: "2019-11-05T14:50:10.497305325-05:00"
